// !$*UTF8*$!
{
	archiveVersion = 1;
	classes = {
	};
	objectVersion = 56;
	objects = {

/* Begin PBXBuildFile section */
		52A16D392911B07400F46D15 /* AppDelegate.swift in Sources */ = {isa = PBXBuildFile; fileRef = 52A16D382911B07400F46D15 /* AppDelegate.swift */; };
		52A16D3B2911B07400F46D15 /* SceneDelegate.swift in Sources */ = {isa = PBXBuildFile; fileRef = 52A16D3A2911B07400F46D15 /* SceneDelegate.swift */; };
		52A16D3D2911B07400F46D15 /* ViewController.swift in Sources */ = {isa = PBXBuildFile; fileRef = 52A16D3C2911B07400F46D15 /* ViewController.swift */; };
		52A16D402911B07400F46D15 /* Main.storyboard in Resources */ = {isa = PBXBuildFile; fileRef = 52A16D3E2911B07400F46D15 /* Main.storyboard */; };
		52A16D422911B07700F46D15 /* Assets.xcassets in Resources */ = {isa = PBXBuildFile; fileRef = 52A16D412911B07700F46D15 /* Assets.xcassets */; };
		52A16D452911B07700F46D15 /* LaunchScreen.storyboard in Resources */ = {isa = PBXBuildFile; fileRef = 52A16D432911B07700F46D15 /* LaunchScreen.storyboard */; };
		52A16D4D2911B08E00F46D15 /* User.swift in Sources */ = {isa = PBXBuildFile; fileRef = 52A16D4C2911B08E00F46D15 /* User.swift */; };
		52A16D502911B0FF00F46D15 /* Alamofire in Frameworks */ = {isa = PBXBuildFile; productRef = 52A16D4F2911B0FF00F46D15 /* Alamofire */; };
/* End PBXBuildFile section */

/* Begin PBXFileReference section */
		52A16D352911B07400F46D15 /* RestApi-flask.app */ = {isa = PBXFileReference; explicitFileType = wrapper.application; includeInIndex = 0; path = "RestApi-flask.app"; sourceTree = BUILT_PRODUCTS_DIR; };
		52A16D382911B07400F46D15 /* AppDelegate.swift */ = {isa = PBXFileReference; lastKnownFileType = sourcecode.swift; path = AppDelegate.swift; sourceTree = "<group>"; };
		52A16D3A2911B07400F46D15 /* SceneDelegate.swift */ = {isa = PBXFileReference; lastKnownFileType = sourcecode.swift; path = SceneDelegate.swift; sourceTree = "<group>"; };
		52A16D3C2911B07400F46D15 /* ViewController.swift */ = {isa = PBXFileReference; lastKnownFileType = sourcecode.swift; path = ViewController.swift; sourceTree = "<group>"; };
		52A16D3F2911B07400F46D15 /* Base */ = {isa = PBXFileReference; lastKnownFileType = file.storyboard; name = Base; path = Base.lproj/Main.storyboard; sourceTree = "<group>"; };
		52A16D412911B07700F46D15 /* Assets.xcassets */ = {isa = PBXFileReference; lastKnownFileType = folder.assetcatalog; path = Assets.xcassets; sourceTree = "<group>"; };
		52A16D442911B07700F46D15 /* Base */ = {isa = PBXFileReference; lastKnownFileType = file.storyboard; name = Base; path = Base.lproj/LaunchScreen.storyboard; sourceTree = "<group>"; };
		52A16D462911B07700F46D15 /* Info.plist */ = {isa = PBXFileReference; lastKnownFileType = text.plist.xml; path = Info.plist; sourceTree = "<group>"; };
		52A16D4C2911B08E00F46D15 /* User.swift */ = {isa = PBXFileReference; lastKnownFileType = sourcecode.swift; path = User.swift; sourceTree = "<group>"; };
/* End PBXFileReference section */

/* Begin PBXFrameworksBuildPhase section */
		52A16D322911B07400F46D15 /* Frameworks */ = {
			isa = PBXFrameworksBuildPhase;
			buildActionMask = 2147483647;
			files = (
				52A16D502911B0FF00F46D15 /* Alamofire in Frameworks */,
			);
			runOnlyForDeploymentPostprocessing = 0;
		};
/* End PBXFrameworksBuildPhase section */

/* Begin PBXGroup section */
		52A16D2C2911B07400F46D15 = {
			isa = PBXGroup;
			children = (
				52A16D372911B07400F46D15 /* RestApi-flask */,
				52A16D362911B07400F46D15 /* Products */,
			);
			sourceTree = "<group>";
		};
		52A16D362911B07400F46D15 /* Products */ = {
			isa = PBXGroup;
			children = (
				52A16D352911B07400F46D15 /* RestApi-flask.app */,
			);
			name = Products;
			sourceTree = "<group>";
		};
		52A16D372911B07400F46D15 /* RestApi-flask */ = {
			isa = PBXGroup;
			children = (
				52A16D562911B57000F46D15 /* Model */,
				52A16D552911B55900F46D15 /* UI */,
				52A16D542911B53700F46D15 /* ViewController */,
				52A16D532911B52000F46D15 /* Application */,
				52A16D412911B07700F46D15 /* Assets.xcassets */,
				52A16D462911B07700F46D15 /* Info.plist */,
			);
			path = "RestApi-flask";
			sourceTree = "<group>";
		};
		52A16D532911B52000F46D15 /* Application */ = {
			isa = PBXGroup;
			children = (
				52A16D3A2911B07400F46D15 /* SceneDelegate.swift */,
				52A16D382911B07400F46D15 /* AppDelegate.swift */,
			);
			path = Application;
			sourceTree = "<group>";
		};
		52A16D542911B53700F46D15 /* ViewController */ = {
			isa = PBXGroup;
			children = (
				52A16D3C2911B07400F46D15 /* ViewController.swift */,
			);
			path = ViewController;
			sourceTree = "<group>";
		};
		52A16D552911B55900F46D15 /* UI */ = {
			isa = PBXGroup;
			children = (
				52A16D3E2911B07400F46D15 /* Main.storyboard */,
				52A16D432911B07700F46D15 /* LaunchScreen.storyboard */,
			);
			path = UI;
			sourceTree = "<group>";
		};
		52A16D562911B57000F46D15 /* Model */ = {
			isa = PBXGroup;
			children = (
				52A16D4C2911B08E00F46D15 /* User.swift */,
			);
			path = Model;
			sourceTree = "<group>";
		};
/* End PBXGroup section */

/* Begin PBXNativeTarget section */
		52A16D342911B07400F46D15 /* RestApi-flask */ = {
			isa = PBXNativeTarget;
			buildConfigurationList = 52A16D492911B07700F46D15 /* Build configuration list for PBXNativeTarget "RestApi-flask" */;
			buildPhases = (
				52A16D312911B07400F46D15 /* Sources */,
				52A16D322911B07400F46D15 /* Frameworks */,
				52A16D332911B07400F46D15 /* Resources */,
			);
			buildRules = (
			);
			dependencies = (
			);
			name = "RestApi-flask";
			packageProductDependencies = (
				52A16D4F2911B0FF00F46D15 /* Alamofire */,
			);
			productName = "RestApi-flask";
			productReference = 52A16D352911B07400F46D15 /* RestApi-flask.app */;
			productType = "com.apple.product-type.application";
		};
/* End PBXNativeTarget section */

/* Begin PBXProject section */
		52A16D2D2911B07400F46D15 /* Project object */ = {
			isa = PBXProject;
			attributes = {
				BuildIndependentTargetsInParallel = 1;
				LastSwiftUpdateCheck = 1400;
				LastUpgradeCheck = 1400;
				TargetAttributes = {
					52A16D342911B07400F46D15 = {
						CreatedOnToolsVersion = 14.0.1;
					};
				};
			};
			buildConfigurationList = 52A16D302911B07400F46D15 /* Build configuration list for PBXProject "RestApi-flask" */;
			compatibilityVersion = "Xcode 14.0";
			developmentRegion = en;
			hasScannedForEncodings = 0;
			knownRegions = (
				en,
				Base,
			);
			mainGroup = 52A16D2C2911B07400F46D15;
			packageReferences = (
				52A16D4E2911B0FF00F46D15 /* XCRemoteSwiftPackageReference "Alamofire" */,
			);
			productRefGroup = 52A16D362911B07400F46D15 /* Products */;
			projectDirPath = "";
			projectRoot = "";
			targets = (
				52A16D342911B07400F46D15 /* RestApi-flask */,
			);
		};
/* End PBXProject section */

/* Begin PBXResourcesBuildPhase section */
		52A16D332911B07400F46D15 /* Resources */ = {
			isa = PBXResourcesBuildPhase;
			buildActionMask = 2147483647;
			files = (
				52A16D452911B07700F46D15 /* LaunchScreen.storyboard in Resources */,
				52A16D422911B07700F46D15 /* Assets.xcassets in Resources */,
				52A16D402911B07400F46D15 /* Main.storyboard in Resources */,
			);
			runOnlyForDeploymentPostprocessing = 0;
		};
/* End PBXResourcesBuildPhase section */

/* Begin PBXSourcesBuildPhase section */
		52A16D312911B07400F46D15 /* Sources */ = {
			isa = PBXSourcesBuildPhase;
			buildActionMask = 2147483647;
			files = (
				52A16D4D2911B08E00F46D15 /* User.swift in Sources */,
				52A16D3D2911B07400F46D15 /* ViewController.swift in Sources */,
				52A16D392911B07400F46D15 /* AppDelegate.swift in Sources */,
				52A16D3B2911B07400F46D15 /* SceneDelegate.swift in Sources */,
			);
			runOnlyForDeploymentPostprocessing = 0;
		};
/* End PBXSourcesBuildPhase section */

/* Begin PBXVariantGroup section */
		52A16D3E2911B07400F46D15 /* Main.storyboard */ = {
			isa = PBXVariantGroup;
			children = (
				52A16D3F2911B07400F46D15 /* Base */,
			);
			name = Main.storyboard;
			sourceTree = "<group>";
		};
		52A16D432911B07700F46D15 /* LaunchScreen.storyboard */ = {
			isa = PBXVariantGroup;
			children = (
				52A16D442911B07700F46D15 /* Base */,
			);
			name = LaunchScreen.storyboard;
			sourceTree = "<group>";
		};
/* End PBXVariantGroup section */

/* Begin XCBuildConfiguration section */
		52A16D472911B07700F46D15 /* Debug */ = {
			isa = XCBuildConfiguration;
			buildSettings = {
				ALWAYS_SEARCH_USER_PATHS = NO;
				CLANG_ANALYZER_NONNULL = YES;
				CLANG_ANALYZER_NUMBER_OBJECT_CONVERSION = YES_AGGRESSIVE;
				CLANG_CXX_LANGUAGE_STANDARD = "gnu++20";
				CLANG_ENABLE_MODULES = YES;
				CLANG_ENABLE_OBJC_ARC = YES;
				CLANG_ENABLE_OBJC_WEAK = YES;
				CLANG_WARN_BLOCK_CAPTURE_AUTORELEASING = YES;
				CLANG_WARN_BOOL_CONVERSION = YES;
				CLANG_WARN_COMMA = YES;
				CLANG_WARN_CONSTANT_CONVERSION = YES;
				CLANG_WARN_DEPRECATED_OBJC_IMPLEMENTATIONS = YES;
				CLANG_WARN_DIRECT_OBJC_ISA_USAGE = YES_ERROR;
				CLANG_WARN_DOCUMENTATION_COMMENTS = YES;
				CLANG_WARN_EMPTY_BODY = YES;
				CLANG_WARN_ENUM_CONVERSION = YES;
				CLANG_WARN_INFINITE_RECURSION = YES;
				CLANG_WARN_INT_CONVERSION = YES;
				CLANG_WARN_NON_LITERAL_NULL_CONVERSION = YES;
				CLANG_WARN_OBJC_IMPLICIT_RETAIN_SELF = YES;
				CLANG_WARN_OBJC_LITERAL_CONVERSION = YES;
				CLANG_WARN_OBJC_ROOT_CLASS = YES_ERROR;
				CLANG_WARN_QUOTED_INCLUDE_IN_FRAMEWORK_HEADER = YES;
				CLANG_WARN_RANGE_LOOP_ANALYSIS = YES;
				CLANG_WARN_STRICT_PROTOTYPES = YES;
				CLANG_WARN_SUSPICIOUS_MOVE = YES;
				CLANG_WARN_UNGUARDED_AVAILABILITY = YES_AGGRESSIVE;
				CLANG_WARN_UNREACHABLE_CODE = YES;
				CLANG_WARN__DUPLICATE_METHOD_MATCH = YES;
				COPY_PHASE_STRIP = NO;
				DEBUG_INFORMATION_FORMAT = dwarf;
				ENABLE_STRICT_OBJC_MSGSEND = YES;
				ENABLE_TESTABILITY = YES;
				GCC_C_LANGUAGE_STANDARD = gnu11;
				GCC_DYNAMIC_NO_PIC = NO;
				GCC_NO_COMMON_BLOCKS = YES;
				GCC_OPTIMIZATION_LEVEL = 0;
				GCC_PREPROCESSOR_DEFINITIONS = (
					"DEBUG=1",
					"$(inherited)",
				);
				GCC_WARN_64_TO_32_BIT_CONVERSION = YES;
				GCC_WARN_ABOUT_RETURN_TYPE = YES_ERROR;
				GCC_WARN_UNDECLARED_SELECTOR = YES;
				GCC_WARN_UNINITIALIZED_AUTOS = YES_AGGRESSIVE;
				GCC_WARN_UNUSED_FUNCTION = YES;
				GCC_WARN_UNUSED_VARIABLE = YES;
				IPHONEOS_DEPLOYMENT_TARGET = 16.0;
				MTL_ENABLE_DEBUG_INFO = INCLUDE_SOURCE;
				MTL_FAST_MATH = YES;
				ONLY_ACTIVE_ARCH = YES;
				SDKROOT = iphoneos;
				SWIFT_ACTIVE_COMPILATION_CONDITIONS = DEBUG;
				SWIFT_OPTIMIZATION_LEVEL = "-Onone";
			};
			name = Debug;
		};
		52A16D482911B07700F46D15 /* Release */ = {
			isa = XCBuildConfiguration;
			buildSettings = {
				ALWAYS_SEARCH_USER_PATHS = NO;
				CLANG_ANALYZER_NONNULL = YES;
				CLANG_ANALYZER_NUMBER_OBJECT_CONVERSION = YES_AGGRESSIVE;
				CLANG_CXX_LANGUAGE_STANDARD = "gnu++20";
				CLANG_ENABLE_MODULES = YES;
				CLANG_ENABLE_OBJC_ARC = YES;
				CLANG_ENABLE_OBJC_WEAK = YES;
				CLANG_WARN_BLOCK_CAPTURE_AUTORELEASING = YES;
				CLANG_WARN_BOOL_CONVERSION = YES;
				CLANG_WARN_COMMA = YES;
				CLANG_WARN_CONSTANT_CONVERSION = YES;
				CLANG_WARN_DEPRECATED_OBJC_IMPLEMENTATIONS = YES;
				CLANG_WARN_DIRECT_OBJC_ISA_USAGE = YES_ERROR;
				CLANG_WARN_DOCUMENTATION_COMMENTS = YES;
				CLANG_WARN_EMPTY_BODY = YES;
				CLANG_WARN_ENUM_CONVERSION = YES;
				CLANG_WARN_INFINITE_RECURSION = YES;
				CLANG_WARN_INT_CONVERSION = YES;
				CLANG_WARN_NON_LITERAL_NULL_CONVERSION = YES;
				CLANG_WARN_OBJC_IMPLICIT_RETAIN_SELF = YES;
				CLANG_WARN_OBJC_LITERAL_CONVERSION = YES;
				CLANG_WARN_OBJC_ROOT_CLASS = YES_ERROR;
				CLANG_WARN_QUOTED_INCLUDE_IN_FRAMEWORK_HEADER = YES;
				CLANG_WARN_RANGE_LOOP_ANALYSIS = YES;
				CLANG_WARN_STRICT_PROTOTYPES = YES;
				CLANG_WARN_SUSPICIOUS_MOVE = YES;
				CLANG_WARN_UNGUARDED_AVAILABILITY = YES_AGGRESSIVE;
				CLANG_WARN_UNREACHABLE_CODE = YES;
				CLANG_WARN__DUPLICATE_METHOD_MATCH = YES;
				COPY_PHASE_STRIP = NO;
				DEBUG_INFORMATION_FORMAT = "dwarf-with-dsym";
				ENABLE_NS_ASSERTIONS = NO;
				ENABLE_STRICT_OBJC_MSGSEND = YES;
				GCC_C_LANGUAGE_STANDARD = gnu11;
				GCC_NO_COMMON_BLOCKS = YES;
				GCC_WARN_64_TO_32_BIT_CONVERSION = YES;
				GCC_WARN_ABOUT_RETURN_TYPE = YES_ERROR;
				GCC_WARN_UNDECLARED_SELECTOR = YES;
				GCC_WARN_UNINITIALIZED_AUTOS = YES_AGGRESSIVE;
				GCC_WARN_UNUSED_FUNCTION = YES;
				GCC_WARN_UNUSED_VARIABLE = YES;
				IPHONEOS_DEPLOYMENT_TARGET = 16.0;
				MTL_ENABLE_DEBUG_INFO = NO;
				MTL_FAST_MATH = YES;
				SDKROOT = iphoneos;
				SWIFT_COMPILATION_MODE = wholemodule;
				SWIFT_OPTIMIZATION_LEVEL = "-O";
				VALIDATE_PRODUCT = YES;
			};
			name = Release;
		};
		52A16D4A2911B07700F46D15 /* Debug */ = {
			isa = XCBuildConfiguration;
			buildSettings = {
				ASSETCATALOG_COMPILER_APPICON_NAME = AppIcon;
				ASSETCATALOG_COMPILER_GLOBAL_ACCENT_COLOR_NAME = AccentColor;
				CODE_SIGN_STYLE = Automatic;
				CURRENT_PROJECT_VERSION = 1;
				DEVELOPMENT_TEAM = 5JFGA44DG4;
				GENERATE_INFOPLIST_FILE = YES;
				INFOPLIST_FILE = "RestApi-flask/Info.plist";
				INFOPLIST_KEY_UIApplicationSupportsIndirectInputEvents = YES;
				INFOPLIST_KEY_UILaunchStoryboardName = LaunchScreen;
				INFOPLIST_KEY_UIMainStoryboardFile = Main;
				INFOPLIST_KEY_UISupportedInterfaceOrientations_iPad = "UIInterfaceOrientationPortrait UIInterfaceOrientationPortraitUpsideDown UIInterfaceOrientationLandscapeLeft UIInterfaceOrientationLandscapeRight";
				INFOPLIST_KEY_UISupportedInterfaceOrientations_iPhone = "UIInterfaceOrientationPortrait UIInterfaceOrientationLandscapeLeft UIInterfaceOrientationLandscapeRight";
				LD_RUNPATH_SEARCH_PATHS = (
					"$(inherited)",
					"@executable_path/Frameworks",
				);
				MARKETING_VERSION = 1.0;
				PRODUCT_BUNDLE_IDENTIFIER = "com.company.RestApi-flask";
				PRODUCT_NAME = "$(TARGET_NAME)";
				SWIFT_EMIT_LOC_STRINGS = YES;
				SWIFT_VERSION = 5.0;
				TARGETED_DEVICE_FAMILY = "1,2";
			};
			name = Debug;
		};
		52A16D4B2911B07700F46D15 /* Release */ = {
			isa = XCBuildConfiguration;
			buildSettings = {
				ASSETCATALOG_COMPILER_APPICON_NAME = AppIcon;
				ASSETCATALOG_COMPILER_GLOBAL_ACCENT_COLOR_NAME = AccentColor;
				CODE_SIGN_STYLE = Automatic;
				CURRENT_PROJECT_VERSION = 1;
				DEVELOPMENT_TEAM = 5JFGA44DG4;
				GENERATE_INFOPLIST_FILE = YES;
				INFOPLIST_FILE = "RestApi-flask/Info.plist";
				INFOPLIST_KEY_UIApplicationSupportsIndirectInputEvents = YES;
				INFOPLIST_KEY_UILaunchStoryboardName = LaunchScreen;
				INFOPLIST_KEY_UIMainStoryboardFile = Main;
				INFOPLIST_KEY_UISupportedInterfaceOrientations_iPad = "UIInterfaceOrientationPortrait UIInterfaceOrientationPortraitUpsideDown UIInterfaceOrientationLandscapeLeft UIInterfaceOrientationLandscapeRight";
				INFOPLIST_KEY_UISupportedInterfaceOrientations_iPhone = "UIInterfaceOrientationPortrait UIInterfaceOrientationLandscapeLeft UIInterfaceOrientationLandscapeRight";
				LD_RUNPATH_SEARCH_PATHS = (
					"$(inherited)",
					"@executable_path/Frameworks",
				);
				MARKETING_VERSION = 1.0;
				PRODUCT_BUNDLE_IDENTIFIER = "com.company.RestApi-flask";
				PRODUCT_NAME = "$(TARGET_NAME)";
				SWIFT_EMIT_LOC_STRINGS = YES;
				SWIFT_VERSION = 5.0;
				TARGETED_DEVICE_FAMILY = "1,2";
			};
			name = Release;
		};
/* End XCBuildConfiguration section */

/* Begin XCConfigurationList section */
		52A16D302911B07400F46D15 /* Build configuration list for PBXProject "RestApi-flask" */ = {
			isa = XCConfigurationList;
			buildConfigurations = (
				52A16D472911B07700F46D15 /* Debug */,
				52A16D482911B07700F46D15 /* Release */,
			);
			defaultConfigurationIsVisible = 0;
			defaultConfigurationName = Release;
		};
		52A16D492911B07700F46D15 /* Build configuration list for PBXNativeTarget "RestApi-flask" */ = {
			isa = XCConfigurationList;
			buildConfigurations = (
				52A16D4A2911B07700F46D15 /* Debug */,
				52A16D4B2911B07700F46D15 /* Release */,
			);
			defaultConfigurationIsVisible = 0;
			defaultConfigurationName = Release;
		};
/* End XCConfigurationList section */

/* Begin XCRemoteSwiftPackageReference section */
		52A16D4E2911B0FF00F46D15 /* XCRemoteSwiftPackageReference "Alamofire" */ = {
			isa = XCRemoteSwiftPackageReference;
			repositoryURL = "https://github.com/Alamofire/Alamofire.git";
			requirement = {
				branch = master;
				kind = branch;
			};
		};
/* End XCRemoteSwiftPackageReference section */

/* Begin XCSwiftPackageProductDependency section */
		52A16D4F2911B0FF00F46D15 /* Alamofire */ = {
			isa = XCSwiftPackageProductDependency;
			package = 52A16D4E2911B0FF00F46D15 /* XCRemoteSwiftPackageReference "Alamofire" */;
			productName = Alamofire;
		};
/* End XCSwiftPackageProductDependency section */
	};
	rootObject = 52A16D2D2911B07400F46D15 /* Project object */;
}
